
Microsoft Visual Studio Solution File, Format Version 12.00
Project("{FAE04EC0-301F-11D3-BF4B-00C04F79EFBC}") = "Aco228.WService", "..\..\..\Aco228.WService\src\Aco228.WService\Aco228.WService\Aco228.WService.csproj", "{0D31617E-9C11-4E7E-91EF-7ED815810D09}"
EndProject
Project("{FAE04EC0-301F-11D3-BF4B-00C04F79EFBC}") = "Aco228.AIGen", "Aco228.AIGen\Aco228.AIGen.csproj", "{085626C9-C170-4AB6-81D2-F03BAB5A1DAB}"
EndProject
Project("{FAE04EC0-301F-11D3-BF4B-00C04F79EFBC}") = "Aco228.TextGen.Consoler", "Aco228.TextGen.Consoler\Aco228.TextGen.Consoler.csproj", "{14EF9CF3-9C17-4384-8EEA-A8B7234E41ED}"
EndProject
Project("{2150E333-8FDC-42A3-9474-1A3956D46DE8}") = "Libs", "Libs", "{B502F0BB-4BBA-48B4-BE7F-46645619286F}"
EndProject
Project("{FAE04EC0-301F-11D3-BF4B-00C04F79EFBC}") = "Aco228.AIGen.ChatGPT", "Aco228.AIGen.ChatGPT\Aco228.AIGen.ChatGPT.csproj", "{80EB6856-7BB9-409C-9264-C175F5677A13}"
EndProject
Project("{FAE04EC0-301F-11D3-BF4B-00C04F79EFBC}") = "Aco228.Common", "..\..\..\Aco228.Common\src\Aco228.Common\Aco228.Common.csproj", "{BF473D15-7AD0-4550-B50B-716724E1E8A6}"
EndProject
Project("{FAE04EC0-301F-11D3-BF4B-00C04F79EFBC}") = "Aco228.MongoDb", "..\..\..\Aco228.MongoDb\src\Aco228.MongoDb\Aco228.MongoDb.csproj", "{1E3D91AB-16DE-4E00-B371-0E428920012E}"
EndProject
Project("{FAE04EC0-301F-11D3-BF4B-00C04F79EFBC}") = "Aco228.TextGen.Claude", "Aco228.TextGen.Claude\Aco228.TextGen.Claude.csproj", "{AD496E69-6C6B-4526-8239-68BEED8D5362}"
EndProject
Project("{FAE04EC0-301F-11D3-BF4B-00C04F79EFBC}") = "Aco228.AIGen.Gemini", "Aco228.AIGen.Gemini\Aco228.AIGen.Gemini.csproj", "{6EC40418-5B00-4270-8BF1-D13030B2F7FF}"
EndProject
Project("{FAE04EC0-301F-11D3-BF4B-00C04F79EFBC}") = "Aco228.AIGen.Grok", "Aco228.AIGen.Grok\Aco228.AIGen.Grok.csproj", "{B96F4787-AC07-4323-9658-D4E5A3B168D3}"
EndProject
Project("{FAE04EC0-301F-11D3-BF4B-00C04F79EFBC}") = "Aco228.TextGen.DeepSeek", "Aco228.TextGen.DeepSeek\Aco228.TextGen.DeepSeek.csproj", "{9F7F2433-0D90-4AA5-8715-D52049F184D7}"
EndProject
Project("{FAE04EC0-301F-11D3-BF4B-00C04F79EFBC}") = "Aco228.GoogleServices", "..\..\..\Aco228.GoogleServices\src\Aco228.GoogleServices\Aco228.GoogleServices.csproj", "{5065AC3C-3C0B-48BD-A1CF-7BC8F45256F2}"
EndProject
Project("{FAE04EC0-301F-11D3-BF4B-00C04F79EFBC}") = "Aco228.AIGen.PoyoAI", "Aco228.AIGen.PoyoAI\Aco228.AIGen.PoyoAI.csproj", "{1980FD3B-6F80-4096-9D90-78AFCB913C82}"
EndProject
Global
	GlobalSection(SolutionConfigurationPlatforms) = preSolution
		Debug|Any CPU = Debug|Any CPU
		Release|Any CPU = Release|Any CPU
	EndGlobalSection
	GlobalSection(ProjectConfigurationPlatforms) = postSolution
		{0D31617E-9C11-4E7E-91EF-7ED815810D09}.Debug|Any CPU.ActiveCfg = Debug|Any CPU
		{0D31617E-9C11-4E7E-91EF-7ED815810D09}.Debug|Any CPU.Build.0 = Debug|Any CPU
		{0D31617E-9C11-4E7E-91EF-7ED815810D09}.Release|Any CPU.ActiveCfg = Release|Any CPU
		{0D31617E-9C11-4E7E-91EF-7ED815810D09}.Release|Any CPU.Build.0 = Release|Any CPU
		{085626C9-C170-4AB6-81D2-F03BAB5A1DAB}.Debug|Any CPU.ActiveCfg = Debug|Any CPU
		{085626C9-C170-4AB6-81D2-F03BAB5A1DAB}.Debug|Any CPU.Build.0 = Debug|Any CPU
		{085626C9-C170-4AB6-81D2-F03BAB5A1DAB}.Release|Any CPU.ActiveCfg = Release|Any CPU
		{085626C9-C170-4AB6-81D2-F03BAB5A1DAB}.Release|Any CPU.Build.0 = Release|Any CPU
		{14EF9CF3-9C17-4384-8EEA-A8B7234E41ED}.Debug|Any CPU.ActiveCfg = Debug|Any CPU
		{14EF9CF3-9C17-4384-8EEA-A8B7234E41ED}.Debug|Any CPU.Build.0 = Debug|Any CPU
		{14EF9CF3-9C17-4384-8EEA-A8B7234E41ED}.Release|Any CPU.ActiveCfg = Release|Any CPU
		{14EF9CF3-9C17-4384-8EEA-A8B7234E41ED}.Release|Any CPU.Build.0 = Release|Any CPU
		{80EB6856-7BB9-409C-9264-C175F5677A13}.Debug|Any CPU.ActiveCfg = Debug|Any CPU
		{80EB6856-7BB9-409C-9264-C175F5677A13}.Debug|Any CPU.Build.0 = Debug|Any CPU
		{80EB6856-7BB9-409C-9264-C175F5677A13}.Release|Any CPU.ActiveCfg = Release|Any CPU
		{80EB6856-7BB9-409C-9264-C175F5677A13}.Release|Any CPU.Build.0 = Release|Any CPU
		{BF473D15-7AD0-4550-B50B-716724E1E8A6}.Debug|Any CPU.ActiveCfg = Debug|Any CPU
		{BF473D15-7AD0-4550-B50B-716724E1E8A6}.Debug|Any CPU.Build.0 = Debug|Any CPU
		{BF473D15-7AD0-4550-B50B-716724E1E8A6}.Release|Any CPU.ActiveCfg = Release|Any CPU
		{BF473D15-7AD0-4550-B50B-716724E1E8A6}.Release|Any CPU.Build.0 = Release|Any CPU
		{1E3D91AB-16DE-4E00-B371-0E428920012E}.Debug|Any CPU.ActiveCfg = Debug|Any CPU
		{1E3D91AB-16DE-4E00-B371-0E428920012E}.Debug|Any CPU.Build.0 = Debug|Any CPU
		{1E3D91AB-16DE-4E00-B371-0E428920012E}.Release|Any CPU.ActiveCfg = Release|Any CPU
		{1E3D91AB-16DE-4E00-B371-0E428920012E}.Release|Any CPU.Build.0 = Release|Any CPU
		{AD496E69-6C6B-4526-8239-68BEED8D5362}.Debug|Any CPU.ActiveCfg = Debug|Any CPU
		{AD496E69-6C6B-4526-8239-68BEED8D5362}.Debug|Any CPU.Build.0 = Debug|Any CPU
		{AD496E69-6C6B-4526-8239-68BEED8D5362}.Release|Any CPU.ActiveCfg = Release|Any CPU
		{AD496E69-6C6B-4526-8239-68BEED8D5362}.Release|Any CPU.Build.0 = Release|Any CPU
		{6EC40418-5B00-4270-8BF1-D13030B2F7FF}.Debug|Any CPU.ActiveCfg = Debug|Any CPU
		{6EC40418-5B00-4270-8BF1-D13030B2F7FF}.Debug|Any CPU.Build.0 = Debug|Any CPU
		{6EC40418-5B00-4270-8BF1-D13030B2F7FF}.Release|Any CPU.ActiveCfg = Release|Any CPU
		{6EC40418-5B00-4270-8BF1-D13030B2F7FF}.Release|Any CPU.Build.0 = Release|Any CPU
		{B96F4787-AC07-4323-9658-D4E5A3B168D3}.Debug|Any CPU.ActiveCfg = Debug|Any CPU
		{B96F4787-AC07-4323-9658-D4E5A3B168D3}.Debug|Any CPU.Build.0 = Debug|Any CPU
		{B96F4787-AC07-4323-9658-D4E5A3B168D3}.Release|Any CPU.ActiveCfg = Release|Any CPU
		{B96F4787-AC07-4323-9658-D4E5A3B168D3}.Release|Any CPU.Build.0 = Release|Any CPU
		{9F7F2433-0D90-4AA5-8715-D52049F184D7}.Debug|Any CPU.ActiveCfg = Debug|Any CPU
		{9F7F2433-0D90-4AA5-8715-D52049F184D7}.Debug|Any CPU.Build.0 = Debug|Any CPU
		{9F7F2433-0D90-4AA5-8715-D52049F184D7}.Release|Any CPU.ActiveCfg = Release|Any CPU
		{9F7F2433-0D90-4AA5-8715-D52049F184D7}.Release|Any CPU.Build.0 = Release|Any CPU
		{5065AC3C-3C0B-48BD-A1CF-7BC8F45256F2}.Debug|Any CPU.ActiveCfg = Debug|Any CPU
		{5065AC3C-3C0B-48BD-A1CF-7BC8F45256F2}.Debug|Any CPU.Build.0 = Debug|Any CPU
		{5065AC3C-3C0B-48BD-A1CF-7BC8F45256F2}.Release|Any CPU.ActiveCfg = Release|Any CPU
		{5065AC3C-3C0B-48BD-A1CF-7BC8F45256F2}.Release|Any CPU.Build.0 = Release|Any CPU
		{1980FD3B-6F80-4096-9D90-78AFCB913C82}.Debug|Any CPU.ActiveCfg = Debug|Any CPU
		{1980FD3B-6F80-4096-9D90-78AFCB913C82}.Debug|Any CPU.Build.0 = Debug|Any CPU
		{1980FD3B-6F80-4096-9D90-78AFCB913C82}.Release|Any CPU.ActiveCfg = Release|Any CPU
		{1980FD3B-6F80-4096-9D90-78AFCB913C82}.Release|Any CPU.Build.0 = Release|Any CPU
	EndGlobalSection
	GlobalSection(NestedProjects) = preSolution
		{0D31617E-9C11-4E7E-91EF-7ED815810D09} = {B502F0BB-4BBA-48B4-BE7F-46645619286F}
		{BF473D15-7AD0-4550-B50B-716724E1E8A6} = {B502F0BB-4BBA-48B4-BE7F-46645619286F}
		{1E3D91AB-16DE-4E00-B371-0E428920012E} = {B502F0BB-4BBA-48B4-BE7F-46645619286F}
		{5065AC3C-3C0B-48BD-A1CF-7BC8F45256F2} = {B502F0BB-4BBA-48B4-BE7F-46645619286F}
	EndGlobalSection
EndGlobal
